
Microsoft Visual Studio Solution File, Format Version 12.00
# Visual Studio Version 18
VisualStudioVersion = 18.5.11723.231
MinimumVisualStudioVersion = 10.0.40219.1
Project("{FAE04EC0-301F-11D3-BF4B-00C04F79EFBC}") = "localiza2api", "localiza2api.csproj", "{D3AC3996-A39F-1D6C-2EE6-F3E65F813550}"
EndProject
Project("{FAE04EC0-301F-11D3-BF4B-00C04F79EFBC}") = "localiza2api.Tests", "localiza2api.Tests\localiza2api.Tests.csproj", "{62A02DF0-ACEA-4287-96A1-9272EA11D1F9}"
EndProject
Global
	GlobalSection(SolutionConfigurationPlatforms) = preSolution
		Debug|Any CPU = Debug|Any CPU
		Debug|x64 = Debug|x64
		Debug|x86 = Debug|x86
		Release|Any CPU = Release|Any CPU
		Release|x64 = Release|x64
		Release|x86 = Release|x86
	EndGlobalSection
	GlobalSection(ProjectConfigurationPlatforms) = postSolution
		{D3AC3996-A39F-1D6C-2EE6-F3E65F813550}.Debug|Any CPU.ActiveCfg = Debug|Any CPU
		{D3AC3996-A39F-1D6C-2EE6-F3E65F813550}.Debug|Any CPU.Build.0 = Debug|Any CPU
		{D3AC3996-A39F-1D6C-2EE6-F3E65F813550}.Debug|x64.ActiveCfg = Debug|Any CPU
		{D3AC3996-A39F-1D6C-2EE6-F3E65F813550}.Debug|x64.Build.0 = Debug|Any CPU
		{D3AC3996-A39F-1D6C-2EE6-F3E65F813550}.Debug|x86.ActiveCfg = Debug|Any CPU
		{D3AC3996-A39F-1D6C-2EE6-F3E65F813550}.Debug|x86.Build.0 = Debug|Any CPU
		{D3AC3996-A39F-1D6C-2EE6-F3E65F813550}.Release|Any CPU.ActiveCfg = Release|Any CPU
		{D3AC3996-A39F-1D6C-2EE6-F3E65F813550}.Release|Any CPU.Build.0 = Release|Any CPU
		{D3AC3996-A39F-1D6C-2EE6-F3E65F813550}.Release|x64.ActiveCfg = Release|Any CPU
		{D3AC3996-A39F-1D6C-2EE6-F3E65F813550}.Release|x64.Build.0 = Release|Any CPU
		{D3AC3996-A39F-1D6C-2EE6-F3E65F813550}.Release|x86.ActiveCfg = Release|Any CPU
		{D3AC3996-A39F-1D6C-2EE6-F3E65F813550}.Release|x86.Build.0 = Release|Any CPU
		{62A02DF0-ACEA-4287-96A1-9272EA11D1F9}.Debug|Any CPU.ActiveCfg = Debug|Any CPU
		{62A02DF0-ACEA-4287-96A1-9272EA11D1F9}.Debug|Any CPU.Build.0 = Debug|Any CPU
		{62A02DF0-ACEA-4287-96A1-9272EA11D1F9}.Debug|x64.ActiveCfg = Debug|Any CPU
		{62A02DF0-ACEA-4287-96A1-9272EA11D1F9}.Debug|x64.Build.0 = Debug|Any CPU
		{62A02DF0-ACEA-4287-96A1-9272EA11D1F9}.Debug|x86.ActiveCfg = Debug|Any CPU
		{62A02DF0-ACEA-4287-96A1-9272EA11D1F9}.Debug|x86.Build.0 = Debug|Any CPU
		{62A02DF0-ACEA-4287-96A1-9272EA11D1F9}.Release|Any CPU.ActiveCfg = Release|Any CPU
		{62A02DF0-ACEA-4287-96A1-9272EA11D1F9}.Release|Any CPU.Build.0 = Release|Any CPU
		{62A02DF0-ACEA-4287-96A1-9272EA11D1F9}.Release|x64.ActiveCfg = Release|Any CPU
		{62A02DF0-ACEA-4287-96A1-9272EA11D1F9}.Release|x64.Build.0 = Release|Any CPU
		{62A02DF0-ACEA-4287-96A1-9272EA11D1F9}.Release|x86.ActiveCfg = Release|Any CPU
		{62A02DF0-ACEA-4287-96A1-9272EA11D1F9}.Release|x86.Build.0 = Release|Any CPU
	EndGlobalSection
	GlobalSection(SolutionProperties) = preSolution
		HideSolutionNode = FALSE
	EndGlobalSection
	GlobalSection(ExtensibilityGlobals) = postSolution
		SolutionGuid = {5740A013-5A50-47A5-8C0D-B49ABE3E4D45}
	EndGlobalSection
EndGlobal
